# This file is @generated by PDM.
# It is not intended for manual editing.

[metadata]
groups = ["default"]
strategy = ["inherit_metadata"]
lock_version = "4.5.0"
content_hash = "sha256:da80dac2f7a5c5ad23d99c9da4c4adecad5d7e9c8ab6b4495da6ad51bfe54cab"

[[metadata.targets]]
requires_python = ">=3.12"

[[package]]
name = "promptdown"
version = "0.7.5"
requires_python = ">=3.10"
summary = "A package for loading promptdown files, which are a special type of markdown file for defining structured LLM prompts"
groups = ["default"]
files = [
    {file = "promptdown-0.7.5-py3-none-any.whl", hash = "sha256:634f3f36890427ff642ac6df0733aa6195593623b60d4832d3aa067db66b5527"},
    {file = "promptdown-0.7.5.tar.gz", hash = "sha256:19ff71f979d3143bad622220bf26f23f6a1bdc55fea7a12dab2dc66efeabdf19"},
]
