# This file is @generated by PDM.
# It is not intended for manual editing.

[metadata]
groups = ["default", "dev"]
strategy = ["inherit_metadata"]
lock_version = "4.5.0"
content_hash = "sha256:f3757f680f1b39f6290fbbea573a37423f3dc2b3b429c6822e6f077f86dcc93e"

[[metadata.targets]]
requires_python = ">=3.12"

[[package]]
name = "annotated-types"
version = "0.7.0"
requires_python = ">=3.8"
summary = "Reusable constraint types to use with typing.Annotated"
groups = ["default"]
dependencies = [
    "typing-extensions>=4.0.0; python_version < \"3.9\"",
]
files = [
    {file = "annotated_types-0.7.0-py3-none-any.whl", hash = "sha256:1f02e8b43a8fbbc3f3e0d4f0f4bfc8131bcb4eebe8849b8e5c773f3a1c582a53"},
    {file = "annotated_types-0.7.0.tar.gz", hash = "sha256:aff07c09a53a08bc8cfccb9c85b05f1aa9a2a6f23728d790723543408344ce89"},
]

[[package]]
name = "anyio"
version = "4.4.0"
requires_python = ">=3.8"
summary = "High level compatibility layer for multiple asynchronous event loop implementations"
groups = ["default"]
dependencies = [
    "exceptiongroup>=1.0.2; python_version < \"3.11\"",
    "idna>=2.8",
    "sniffio>=1.1",
    "typing-extensions>=4.1; python_version < \"3.11\"",
]
files = [
    {file = "anyio-4.4.0-py3-none-any.whl", hash = "sha256:c1b2d8f46a8a812513012e1107cb0e68c17159a7a594208005a57dc776e1bdc7"},
    {file = "anyio-4.4.0.tar.gz", hash = "sha256:5aadc6a1bbb7cdb0bede386cac5e2940f5e2ff3aa20277e991cf028e0585ce94"},
]

[[package]]
name = "certifi"
version = "2024.7.4"
requires_python = ">=3.6"
summary = "Python package for providing Mozilla's CA Bundle."
groups = ["default"]
files = [
    {file = "certifi-2024.7.4-py3-none-any.whl", hash = "sha256:c198e21b1289c2ab85ee4e67bb4b4ef3ead0892059901a8d5b622f24a1101e90"},
    {file = "certifi-2024.7.4.tar.gz", hash = "sha256:5a1e7645bc0ec61a09e26c36f6106dd4cf40c6db3a1fb6352b0244e7fb057c7b"},
]

[[package]]
name = "click"
version = "8.3.1"
requires_python = ">=3.10"
summary = "Composable command line interface toolkit"
groups = ["default"]
dependencies = [
    "colorama; platform_system == \"Windows\"",
]
files = [
    {file = "click-8.3.1-py3-none-any.whl", hash = "sha256:981153a64e25f12d547d3426c367a4857371575ee7ad18df2a6183ab0545b2a6"},
    {file = "click-8.3.1.tar.gz", hash = "sha256:12ff4785d337a1bb490bb7e9c2b1ee5da3112e94a8622f26a6c77f5d2fc6842a"},
]

[[package]]
name = "colorama"
version = "0.4.6"
requires_python = "!=3.0.*,!=3.1.*,!=3.2.*,!=3.3.*,!=3.4.*,!=3.5.*,!=3.6.*,>=2.7"
summary = "Cross-platform colored terminal text."
groups = ["default", "dev"]
marker = "platform_system == \"Windows\" or sys_platform == \"win32\""
files = [
    {file = "colorama-0.4.6-py2.py3-none-any.whl", hash = "sha256:4f1d9991f5acc0ca119f9d443620b77f9d6b33703e51011c16baf57afb285fc6"},
    {file = "colorama-0.4.6.tar.gz", hash = "sha256:08695f5cb7ed6e0531a20572697297273c47b8cae5a63ffc6d6ed5c201be6e44"},
]

[[package]]
name = "distro"
version = "1.9.0"
requires_python = ">=3.6"
summary = "Distro - an OS platform information API"
groups = ["default"]
files = [
    {file = "distro-1.9.0-py3-none-any.whl", hash = "sha256:7bffd925d65168f85027d8da9af6bddab658135b840670a223589bc0c8ef02b2"},
    {file = "distro-1.9.0.tar.gz", hash = "sha256:2fa77c6fd8940f116ee1d6b94a2f90b13b5ea8d019b98bc8bafdcabcdd9bdbed"},
]

[[package]]
name = "flake8"
version = "7.3.0"
requires_python = ">=3.9"
summary = "the modular source code checker: pep8 pyflakes and co"
groups = ["dev"]
dependencies = [
    "mccabe<0.8.0,>=0.7.0",
    "pycodestyle<2.15.0,>=2.14.0",
    "pyflakes<3.5.0,>=3.4.0",
]
files = [
    {file = "flake8-7.3.0-py2.py3-none-any.whl", hash = "sha256:b9696257b9ce8beb888cdbe31cf885c90d31928fe202be0889a7cdafad32f01e"},
    {file = "flake8-7.3.0.tar.gz", hash = "sha256:fe044858146b9fc69b551a4b490d69cf960fcb78ad1edcb84e7fbb1b4a8e3872"},
]

[[package]]
name = "h11"
version = "0.14.0"
requires_python = ">=3.7"
summary = "A pure-Python, bring-your-own-I/O implementation of HTTP/1.1"
groups = ["default"]
dependencies = [
    "typing-extensions; python_version < \"3.8\"",
]
files = [
    {file = "h11-0.14.0-py3-none-any.whl", hash = "sha256:e3fe4ac4b851c468cc8363d500db52c2ead036020723024a109d37346efaa761"},
    {file = "h11-0.14.0.tar.gz", hash = "sha256:8f19fbbe99e72420ff35c00b27a34cb9937e902a8b810e2c88300c6f0a3b699d"},
]

[[package]]
name = "httpcore"
version = "1.0.5"
requires_python = ">=3.8"
summary = "A minimal low-level HTTP client."
groups = ["default"]
dependencies = [
    "certifi",
    "h11<0.15,>=0.13",
]
files = [
    {file = "httpcore-1.0.5-py3-none-any.whl", hash = "sha256:421f18bac248b25d310f3cacd198d55b8e6125c107797b609ff9b7a6ba7991b5"},
    {file = "httpcore-1.0.5.tar.gz", hash = "sha256:34a38e2f9291467ee3b44e89dd52615370e152954ba21721378a87b2960f7a61"},
]

[[package]]
name = "httpx"
version = "0.27.0"
requires_python = ">=3.8"
summary = "The next generation HTTP client."
groups = ["default"]
dependencies = [
    "anyio",
    "certifi",
    "httpcore==1.*",
    "idna",
    "sniffio",
]
files = [
    {file = "httpx-0.27.0-py3-none-any.whl", hash = "sha256:71d5465162c13681bff01ad59b2cc68dd838ea1f10e51574bac27103f00c91a5"},
    {file = "httpx-0.27.0.tar.gz", hash = "sha256:a0cb88a46f32dc874e04ee956e4c2764aba2aa228f650b06788ba6bda2962ab5"},
]

[[package]]
name = "idna"
version = "3.7"
requires_python = ">=3.5"
summary = "Internationalized Domain Names in Applications (IDNA)"
groups = ["default"]
files = [
    {file = "idna-3.7-py3-none-any.whl", hash = "sha256:82fee1fc78add43492d3a1898bfa6d8a904cc97d8427f683ed8e798d07761aa0"},
    {file = "idna-3.7.tar.gz", hash = "sha256:028ff3aadf0609c1fd278d8ea3089299412a7a8b9bd005dd08b9f8285bcb5cfc"},
]

[[package]]
name = "iniconfig"
version = "2.0.0"
requires_python = ">=3.7"
summary = "brain-dead simple config-ini parsing"
groups = ["dev"]
files = [
    {file = "iniconfig-2.0.0-py3-none-any.whl", hash = "sha256:b6a85871a79d2e3b22d2d1b94ac2824226a63c6b741c88f7ae975f18b6778374"},
    {file = "iniconfig-2.0.0.tar.gz", hash = "sha256:2d91e135bf72d31a410b17c16da610a82cb55f6b0477d1a902134b24a455b8b3"},
]

[[package]]
name = "jiter"
version = "0.12.0"
requires_python = ">=3.9"
summary = "Fast iterable JSON parser."
groups = ["default"]
files = [
    {file = "jiter-0.12.0-cp312-cp312-macosx_10_12_x86_64.whl", hash = "sha256:305e061fa82f4680607a775b2e8e0bcb071cd2205ac38e6ef48c8dd5ebe1cf37"},
    {file = "jiter-0.12.0-cp312-cp312-macosx_11_0_arm64.whl", hash = "sha256:5c1860627048e302a528333c9307c818c547f214d8659b0705d2195e1a94b274"},
    {file = "jiter-0.12.0-cp312-cp312-manylinux_2_17_aarch64.manylinux2014_aarch64.whl", hash = "sha256:df37577a4f8408f7e0ec3205d2a8f87672af8f17008358063a4d6425b6081ce3"},
    {file = "jiter-0.12.0-cp312-cp312-manylinux_2_17_armv7l.manylinux2014_armv7l.whl", hash = "sha256:75fdd787356c1c13a4f40b43c2156276ef7a71eb487d98472476476d803fb2cf"},
    {file = "jiter-0.12.0-cp312-cp312-manylinux_2_17_ppc64le.manylinux2014_ppc64le.whl", hash = "sha256:1eb5db8d9c65b112aacf14fcd0faae9913d07a8afea5ed06ccdd12b724e966a1"},
    {file = "jiter-0.12.0-cp312-cp312-manylinux_2_17_s390x.manylinux2014_s390x.whl", hash = "sha256:73c568cc27c473f82480abc15d1301adf333a7ea4f2e813d6a2c7d8b6ba8d0df"},
    {file = "jiter-0.12.0-cp312-cp312-manylinux_2_17_x86_64.manylinux2014_x86_64.whl", hash = "sha256:4321e8a3d868919bcb1abb1db550d41f2b5b326f72df29e53b2df8b006eb9403"},
    {file = "jiter-0.12.0-cp312-cp312-manylinux_2_5_i686.manylinux1_i686.whl", hash = "sha256:0a51bad79f8cc9cac2b4b705039f814049142e0050f30d91695a2d9a6611f126"},
    {file = "jiter-0.12.0-cp312-cp312-musllinux_1_1_aarch64.whl", hash = "sha256:2a67b678f6a5f1dd6c36d642d7db83e456bc8b104788262aaefc11a22339f5a9"},
    {file = "jiter-0.12.0-cp312-cp312-musllinux_1_1_x86_64.whl", hash = "sha256:efe1a211fe1fd14762adea941e3cfd6c611a136e28da6c39272dbb7a1bbe6a86"},
    {file = "jiter-0.12.0-cp312-cp312-win32.whl", hash = "sha256:d779d97c834b4278276ec703dc3fc1735fca50af63eb7262f05bdb4e62203d44"},
    {file = "jiter-0.12.0-cp312-cp312-win_amd64.whl", hash = "sha256:e8269062060212b373316fe69236096aaf4c49022d267c6736eebd66bbbc60bb"},
    {file = "jiter-0.12.0-cp312-cp312-win_arm64.whl", hash = "sha256:06cb970936c65de926d648af0ed3d21857f026b1cf5525cb2947aa5e01e05789"},
    {file = "jiter-0.12.0-cp313-cp313-macosx_10_12_x86_64.whl", hash = "sha256:6cc49d5130a14b732e0612bc76ae8db3b49898732223ef8b7599aa8d9810683e"},
    {file = "jiter-0.12.0-cp313-cp313-macosx_11_0_arm64.whl", hash = "sha256:37f27a32ce36364d2fa4f7fdc507279db604d27d239ea2e044c8f148410defe1"},
    {file = "jiter-0.12.0-cp313-cp313-manylinux_2_17_aarch64.manylinux2014_aarch64.whl", hash = "sha256:bbc0944aa3d4b4773e348cda635252824a78f4ba44328e042ef1ff3f6080d1cf"},
    {file = "jiter-0.12.0-cp313-cp313-manylinux_2_17_armv7l.manylinux2014_armv7l.whl", hash = "sha256:da25c62d4ee1ffbacb97fac6dfe4dcd6759ebdc9015991e92a6eae5816287f44"},
    {file = "jiter-0.12.0-cp313-cp313-manylinux_2_17_ppc64le.manylinux2014_ppc64le.whl", hash = "sha256:048485c654b838140b007390b8182ba9774621103bd4d77c9c3f6f117474ba45"},
    {file = "jiter-0.12.0-cp313-cp313-manylinux_2_17_s390x.manylinux2014_s390x.whl", hash = "sha256:635e737fbb7315bef0037c19b88b799143d2d7d3507e61a76751025226b3ac87"},
    {file = "jiter-0.12.0-cp313-cp313-manylinux_2_17_x86_64.manylinux2014_x86_64.whl", hash = "sha256:4e017c417b1ebda911bd13b1e40612704b1f5420e30695112efdbed8a4b389ed"},
    {file = "jiter-0.12.0-cp313-cp313-manylinux_2_5_i686.manylinux1_i686.whl", hash = "sha256:89b0bfb8b2bf2351fba36bb211ef8bfceba73ef58e7f0c68fb67b5a2795ca2f9"},
    {file = "jiter-0.12.0-cp313-cp313-musllinux_1_1_aarch64.whl", hash = "sha256:f5aa5427a629a824a543672778c9ce0c5e556550d1569bb6ea28a85015287626"},
    {file = "jiter-0.12.0-cp313-cp313-musllinux_1_1_x86_64.whl", hash = "sha256:ed53b3d6acbcb0fd0b90f20c7cb3b24c357fe82a3518934d4edfa8c6898e498c"},
    {file = "jiter-0.12.0-cp313-cp313-win32.whl", hash = "sha256:4747de73d6b8c78f2e253a2787930f4fffc68da7fa319739f57437f95963c4de"},
    {file = "jiter-0.12.0-cp313-cp313-win_amd64.whl", hash = "sha256:e25012eb0c456fcc13354255d0338cd5397cce26c77b2832b3c4e2e255ea5d9a"},
    {file = "jiter-0.12.0-cp313-cp313-win_arm64.whl", hash = "sha256:c97b92c54fe6110138c872add030a1f99aea2401ddcdaa21edf74705a646dd60"},
    {file = "jiter-0.12.0-cp313-cp313t-macosx_11_0_arm64.whl", hash = "sha256:53839b35a38f56b8be26a7851a48b89bc47e5d88e900929df10ed93b95fea3d6"},
    {file = "jiter-0.12.0-cp313-cp313t-manylinux_2_17_aarch64.manylinux2014_aarch64.whl", hash = "sha256:94f669548e55c91ab47fef8bddd9c954dab1938644e715ea49d7e117015110a4"},
    {file = "jiter-0.12.0-cp313-cp313t-manylinux_2_17_x86_64.manylinux2014_x86_64.whl", hash = "sha256:351d54f2b09a41600ffea43d081522d792e81dcfb915f6d2d242744c1cc48beb"},
    {file = "jiter-0.12.0-cp313-cp313t-win_amd64.whl", hash = "sha256:2a5e90604620f94bf62264e7c2c038704d38217b7465b863896c6d7c902b06c7"},
    {file = "jiter-0.12.0-cp313-cp313t-win_arm64.whl", hash = "sha256:88ef757017e78d2860f96250f9393b7b577b06a956ad102c29c8237554380db3"},
    {file = "jiter-0.12.0-cp314-cp314-macosx_10_12_x86_64.whl", hash = "sha256:c46d927acd09c67a9fb1416df45c5a04c27e83aae969267e98fba35b74e99525"},
    {file = "jiter-0.12.0-cp314-cp314-macosx_11_0_arm64.whl", hash = "sha256:774ff60b27a84a85b27b88cd5583899c59940bcc126caca97eb2a9df6aa00c49"},
    {file = "jiter-0.12.0-cp314-cp314-manylinux_2_17_aarch64.manylinux2014_aarch64.whl", hash = "sha256:c5433fab222fb072237df3f637d01b81f040a07dcac1cb4a5c75c7aa9ed0bef1"},
    {file = "jiter-0.12.0-cp314-cp314-manylinux_2_17_armv7l.manylinux2014_armv7l.whl", hash = "sha256:f8c593c6e71c07866ec6bfb790e202a833eeec885022296aff6b9e0b92d6a70e"},
    {file = "jiter-0.12.0-cp314-cp314-manylinux_2_17_ppc64le.manylinux2014_ppc64le.whl", hash = "sha256:90d32894d4c6877a87ae00c6b915b609406819dce8bc0d4e962e4de2784e567e"},
    {file = "jiter-0.12.0-cp314-cp314-manylinux_2_17_s390x.manylinux2014_s390x.whl", hash = "sha256:798e46eed9eb10c3adbbacbd3bdb5ecd4cf7064e453d00dbef08802dae6937ff"},
    {file = "jiter-0.12.0-cp314-cp314-manylinux_2_17_x86_64.manylinux2014_x86_64.whl", hash = "sha256:b3f1368f0a6719ea80013a4eb90ba72e75d7ea67cfc7846db2ca504f3df0169a"},
    {file = "jiter-0.12.0-cp314-cp314-manylinux_2_5_i686.manylinux1_i686.whl", hash = "sha256:65f04a9d0b4406f7e51279710b27484af411896246200e461d80d3ba0caa901a"},
    {file = "jiter-0.12.0-cp314-cp314-musllinux_1_1_aarch64.whl", hash = "sha256:fd990541982a24281d12b67a335e44f117e4c6cbad3c3b75c7dea68bf4ce3a67"},
    {file = "jiter-0.12.0-cp314-cp314-musllinux_1_1_x86_64.whl", hash = "sha256:b111b0e9152fa7df870ecaebb0bd30240d9f7fff1f2003bcb4ed0f519941820b"},
    {file = "jiter-0.12.0-cp314-cp314-win32.whl", hash = "sha256:a78befb9cc0a45b5a5a0d537b06f8544c2ebb60d19d02c41ff15da28a9e22d42"},
    {file = "jiter-0.12.0-cp314-cp314-win_amd64.whl", hash = "sha256:e1fe01c082f6aafbe5c8faf0ff074f38dfb911d53f07ec333ca03f8f6226debf"},
    {file = "jiter-0.12.0-cp314-cp314-win_arm64.whl", hash = "sha256:d72f3b5a432a4c546ea4bedc84cce0c3404874f1d1676260b9c7f048a9855451"},
    {file = "jiter-0.12.0-cp314-cp314t-macosx_11_0_arm64.whl", hash = "sha256:e6ded41aeba3603f9728ed2b6196e4df875348ab97b28fc8afff115ed42ba7a7"},
    {file = "jiter-0.12.0-cp314-cp314t-manylinux_2_17_aarch64.manylinux2014_aarch64.whl", hash = "sha256:a947920902420a6ada6ad51892082521978e9dd44a802663b001436e4b771684"},
    {file = "jiter-0.12.0-cp314-cp314t-manylinux_2_17_armv7l.manylinux2014_armv7l.whl", hash = "sha256:add5e227e0554d3a52cf390a7635edaffdf4f8fce4fdbcef3cc2055bb396a30c"},
    {file = "jiter-0.12.0-cp314-cp314t-manylinux_2_17_ppc64le.manylinux2014_ppc64le.whl", hash = "sha256:3f9b1cda8fcb736250d7e8711d4580ebf004a46771432be0ae4796944b5dfa5d"},
    {file = "jiter-0.12.0-cp314-cp314t-manylinux_2_17_s390x.manylinux2014_s390x.whl", hash = "sha256:deeb12a2223fe0135c7ff1356a143d57f95bbf1f4a66584f1fc74df21d86b993"},
    {file = "jiter-0.12.0-cp314-cp314t-manylinux_2_17_x86_64.manylinux2014_x86_64.whl", hash = "sha256:c596cc0f4cb574877550ce4ecd51f8037469146addd676d7c1a30ebe6391923f"},
    {file = "jiter-0.12.0-cp314-cp314t-manylinux_2_5_i686.manylinux1_i686.whl", hash = "sha256:5ab4c823b216a4aeab3fdbf579c5843165756bd9ad87cc6b1c65919c4715f783"},
    {file = "jiter-0.12.0-cp314-cp314t-musllinux_1_1_aarch64.whl", hash = "sha256:e427eee51149edf962203ff8db75a7514ab89be5cb623fb9cea1f20b54f1107b"},
    {file = "jiter-0.12.0-cp314-cp314t-musllinux_1_1_x86_64.whl", hash = "sha256:edb868841f84c111255ba5e80339d386d937ec1fdce419518ce1bd9370fac5b6"},
    {file = "jiter-0.12.0-cp314-cp314t-win32.whl", hash = "sha256:8bbcfe2791dfdb7c5e48baf646d37a6a3dcb5a97a032017741dea9f817dca183"},
    {file = "jiter-0.12.0-cp314-cp314t-win_amd64.whl", hash = "sha256:2fa940963bf02e1d8226027ef461e36af472dea85d36054ff835aeed944dd873"},
    {file = "jiter-0.12.0-cp314-cp314t-win_arm64.whl", hash = "sha256:506c9708dd29b27288f9f8f1140c3cb0e3d8ddb045956d7757b1fa0e0f39a473"},
    {file = "jiter-0.12.0.tar.gz", hash = "sha256:64dfcd7d5c168b38d3f9f8bba7fc639edb3418abcc74f22fdbe6b8938293f30b"},
]

[[package]]
name = "mccabe"
version = "0.7.0"
requires_python = ">=3.6"
summary = "McCabe checker, plugin for flake8"
groups = ["dev"]
files = [
    {file = "mccabe-0.7.0-py2.py3-none-any.whl", hash = "sha256:6c2d30ab6be0e4a46919781807b4f0d834ebdd6c6e3dca0bda5a15f863427b6e"},
    {file = "mccabe-0.7.0.tar.gz", hash = "sha256:348e0240c33b60bbdf4e523192ef919f28cb2c3d7d5c7794f74009290f236325"},
]

[[package]]
name = "openai"
version = "2.11.0"
requires_python = ">=3.9"
summary = "The official Python library for the openai API"
groups = ["default"]
dependencies = [
    "anyio<5,>=3.5.0",
    "distro<2,>=1.7.0",
    "httpx<1,>=0.23.0",
    "jiter<1,>=0.10.0",
    "pydantic<3,>=1.9.0",
    "sniffio",
    "tqdm>4",
    "typing-extensions<5,>=4.11",
]
files = [
    {file = "openai-2.11.0-py3-none-any.whl", hash = "sha256:21189da44d2e3d027b08c7a920ba4454b8b7d6d30ae7e64d9de11dbe946d4faa"},
    {file = "openai-2.11.0.tar.gz", hash = "sha256:b3da01d92eda31524930b6ec9d7167c535e843918d7ba8a76b1c38f1104f321e"},
]

[[package]]
name = "packaging"
version = "24.1"
requires_python = ">=3.8"
summary = "Core utilities for Python packages"
groups = ["dev"]
files = [
    {file = "packaging-24.1-py3-none-any.whl", hash = "sha256:5b8f2217dbdbd2f7f384c41c628544e6d52f2d0f53c6d0c3ea61aa5d1d7ff124"},
    {file = "packaging-24.1.tar.gz", hash = "sha256:026ed72c8ed3fcce5bf8950572258698927fd1dbda10a5e981cdf0ac37f4f002"},
]

[[package]]
name = "pluggy"
version = "1.5.0"
requires_python = ">=3.8"
summary = "plugin and hook calling mechanisms for python"
groups = ["dev"]
files = [
    {file = "pluggy-1.5.0-py3-none-any.whl", hash = "sha256:44e1ad92c8ca002de6377e165f3e0f1be63266ab4d554740532335b9d75ea669"},
    {file = "pluggy-1.5.0.tar.gz", hash = "sha256:2cffa88e94fdc978c4c574f15f9e59b7f4201d439195c3715ca9e2486f1d0cf1"},
]

[[package]]
name = "promptdown"
version = "1.0.0"
requires_python = ">=3.10"
summary = "A package for loading promptdown files, which are a special type of markdown file for defining structured LLM prompts"
groups = ["default"]
files = [
    {file = "promptdown-1.0.0-py3-none-any.whl", hash = "sha256:65c244100e7cc783d16f01c7db77dce584c773bfe29ec58c90bd0faad9bc8c63"},
    {file = "promptdown-1.0.0.tar.gz", hash = "sha256:92fed686e61255a39bad1fe43053555eb51a5a0ceb02fe255da44a98f0536431"},
]

[[package]]
name = "pycodestyle"
version = "2.14.0"
requires_python = ">=3.9"
summary = "Python style guide checker"
groups = ["dev"]
files = [
    {file = "pycodestyle-2.14.0-py2.py3-none-any.whl", hash = "sha256:dd6bf7cb4ee77f8e016f9c8e74a35ddd9f67e1d5fd4184d86c3b98e07099f42d"},
    {file = "pycodestyle-2.14.0.tar.gz", hash = "sha256:c4b5b517d278089ff9d0abdec919cd97262a3367449ea1c8b49b91529167b783"},
]

[[package]]
name = "pydantic"
version = "2.8.2"
requires_python = ">=3.8"
summary = "Data validation using Python type hints"
groups = ["default"]
dependencies = [
    "annotated-types>=0.4.0",
    "pydantic-core==2.20.1",
    "typing-extensions>=4.12.2; python_version >= \"3.13\"",
    "typing-extensions>=4.6.1; python_version < \"3.13\"",
]
files = [
    {file = "pydantic-2.8.2-py3-none-any.whl", hash = "sha256:73ee9fddd406dc318b885c7a2eab8a6472b68b8fb5ba8150949fc3db939f23c8"},
    {file = "pydantic-2.8.2.tar.gz", hash = "sha256:6f62c13d067b0755ad1c21a34bdd06c0c12625a22b0fc09c6b149816604f7c2a"},
]

[[package]]
name = "pydantic-core"
version = "2.20.1"
requires_python = ">=3.8"
summary = "Core functionality for Pydantic validation and serialization"
groups = ["default"]
dependencies = [
    "typing-extensions!=4.7.0,>=4.6.0",
]
files = [
    {file = "pydantic_core-2.20.1-cp312-cp312-macosx_10_12_x86_64.whl", hash = "sha256:595ba5be69b35777474fa07f80fc260ea71255656191adb22a8c53aba4479231"},
    {file = "pydantic_core-2.20.1-cp312-cp312-macosx_11_0_arm64.whl", hash = "sha256:a4f55095ad087474999ee28d3398bae183a66be4823f753cd7d67dd0153427c9"},
    {file = "pydantic_core-2.20.1-cp312-cp312-manylinux_2_17_aarch64.manylinux2014_aarch64.whl", hash = "sha256:f9aa05d09ecf4c75157197f27cdc9cfaeb7c5f15021c6373932bf3e124af029f"},
    {file = "pydantic_core-2.20.1-cp312-cp312-manylinux_2_17_armv7l.manylinux2014_armv7l.whl", hash = "sha256:e97fdf088d4b31ff4ba35db26d9cc472ac7ef4a2ff2badeabf8d727b3377fc52"},
    {file = "pydantic_core-2.20.1-cp312-cp312-manylinux_2_17_ppc64le.manylinux2014_ppc64le.whl", hash = "sha256:bc633a9fe1eb87e250b5c57d389cf28998e4292336926b0b6cdaee353f89a237"},
    {file = "pydantic_core-2.20.1-cp312-cp312-manylinux_2_17_s390x.manylinux2014_s390x.whl", hash = "sha256:d573faf8eb7e6b1cbbcb4f5b247c60ca8be39fe2c674495df0eb4318303137fe"},
    {file = "pydantic_core-2.20.1-cp312-cp312-manylinux_2_17_x86_64.manylinux2014_x86_64.whl", hash = "sha256:26dc97754b57d2fd00ac2b24dfa341abffc380b823211994c4efac7f13b9e90e"},
    {file = "pydantic_core-2.20.1-cp312-cp312-manylinux_2_5_i686.manylinux1_i686.whl", hash = "sha256:33499e85e739a4b60c9dac710c20a08dc73cb3240c9a0e22325e671b27b70d24"},
    {file = "pydantic_core-2.20.1-cp312-cp312-musllinux_1_1_aarch64.whl", hash = "sha256:bebb4d6715c814597f85297c332297c6ce81e29436125ca59d1159b07f423eb1"},
    {file = "pydantic_core-2.20.1-cp312-cp312-musllinux_1_1_x86_64.whl", hash = "sha256:516d9227919612425c8ef1c9b869bbbee249bc91912c8aaffb66116c0b447ebd"},
    {file = "pydantic_core-2.20.1-cp312-none-win32.whl", hash = "sha256:469f29f9093c9d834432034d33f5fe45699e664f12a13bf38c04967ce233d688"},
    {file = "pydantic_core-2.20.1-cp312-none-win_amd64.whl", hash = "sha256:035ede2e16da7281041f0e626459bcae33ed998cca6a0a007a5ebb73414ac72d"},
    {file = "pydantic_core-2.20.1-cp313-cp313-macosx_10_12_x86_64.whl", hash = "sha256:0827505a5c87e8aa285dc31e9ec7f4a17c81a813d45f70b1d9164e03a813a686"},
    {file = "pydantic_core-2.20.1-cp313-cp313-macosx_11_0_arm64.whl", hash = "sha256:19c0fa39fa154e7e0b7f82f88ef85faa2a4c23cc65aae2f5aea625e3c13c735a"},
    {file = "pydantic_core-2.20.1-cp313-cp313-manylinux_2_17_aarch64.manylinux2014_aarch64.whl", hash = "sha256:4aa223cd1e36b642092c326d694d8bf59b71ddddc94cdb752bbbb1c5c91d833b"},
    {file = "pydantic_core-2.20.1-cp313-cp313-manylinux_2_17_armv7l.manylinux2014_armv7l.whl", hash = "sha256:c336a6d235522a62fef872c6295a42ecb0c4e1d0f1a3e500fe949415761b8a19"},
    {file = "pydantic_core-2.20.1-cp313-cp313-manylinux_2_17_ppc64le.manylinux2014_ppc64le.whl", hash = "sha256:7eb6a0587eded33aeefea9f916899d42b1799b7b14b8f8ff2753c0ac1741edac"},
    {file = "pydantic_core-2.20.1-cp313-cp313-manylinux_2_17_s390x.manylinux2014_s390x.whl", hash = "sha256:70c8daf4faca8da5a6d655f9af86faf6ec2e1768f4b8b9d0226c02f3d6209703"},
    {file = "pydantic_core-2.20.1-cp313-cp313-manylinux_2_17_x86_64.manylinux2014_x86_64.whl", hash = "sha256:e9fa4c9bf273ca41f940bceb86922a7667cd5bf90e95dbb157cbb8441008482c"},
    {file = "pydantic_core-2.20.1-cp313-cp313-manylinux_2_5_i686.manylinux1_i686.whl", hash = "sha256:11b71d67b4725e7e2a9f6e9c0ac1239bbc0c48cce3dc59f98635efc57d6dac83"},
    {file = "pydantic_core-2.20.1-cp313-cp313-musllinux_1_1_aarch64.whl", hash = "sha256:270755f15174fb983890c49881e93f8f1b80f0b5e3a3cc1394a255706cabd203"},
    {file = "pydantic_core-2.20.1-cp313-cp313-musllinux_1_1_x86_64.whl", hash = "sha256:c81131869240e3e568916ef4c307f8b99583efaa60a8112ef27a366eefba8ef0"},
    {file = "pydantic_core-2.20.1-cp313-none-win32.whl", hash = "sha256:b91ced227c41aa29c672814f50dbb05ec93536abf8f43cd14ec9521ea09afe4e"},
    {file = "pydantic_core-2.20.1-cp313-none-win_amd64.whl", hash = "sha256:65db0f2eefcaad1a3950f498aabb4875c8890438bc80b19362cf633b87a8ab20"},
    {file = "pydantic_core-2.20.1.tar.gz", hash = "sha256:26ca695eeee5f9f1aeeb211ffc12f10bcb6f71e2989988fda61dabd65db878d4"},
]

[[package]]
name = "pyflakes"
version = "3.4.0"
requires_python = ">=3.9"
summary = "passive checker of Python programs"
groups = ["dev"]
files = [
    {file = "pyflakes-3.4.0-py2.py3-none-any.whl", hash = "sha256:f742a7dbd0d9cb9ea41e9a24a918996e8170c799fa528688d40dd582c8265f4f"},
    {file = "pyflakes-3.4.0.tar.gz", hash = "sha256:b24f96fafb7d2ab0ec5075b7350b3d2d2218eab42003821c06344973d3ea2f58"},
]

[[package]]
name = "pygments"
version = "2.19.2"
requires_python = ">=3.8"
summary = "Pygments is a syntax highlighting package written in Python."
groups = ["dev"]
files = [
    {file = "pygments-2.19.2-py3-none-any.whl", hash = "sha256:86540386c03d588bb81d44bc3928634ff26449851e99741617ecb9037ee5ec0b"},
    {file = "pygments-2.19.2.tar.gz", hash = "sha256:636cb2477cec7f8952536970bc533bc43743542f70392ae026374600add5b887"},
]

[[package]]
name = "pytest"
version = "9.0.2"
requires_python = ">=3.10"
summary = "pytest: simple powerful testing with Python"
groups = ["dev"]
dependencies = [
    "colorama>=0.4; sys_platform == \"win32\"",
    "exceptiongroup>=1; python_version < \"3.11\"",
    "iniconfig>=1.0.1",
    "packaging>=22",
    "pluggy<2,>=1.5",
    "pygments>=2.7.2",
    "tomli>=1; python_version < \"3.11\"",
]
files = [
    {file = "pytest-9.0.2-py3-none-any.whl", hash = "sha256:711ffd45bf766d5264d487b917733b453d917afd2b0ad65223959f59089f875b"},
    {file = "pytest-9.0.2.tar.gz", hash = "sha256:75186651a92bd89611d1d9fc20f0b4345fd827c41ccd5c299a868a05d70edf11"},
]

[[package]]
name = "python-dotenv"
version = "1.2.1"
requires_python = ">=3.9"
summary = "Read key-value pairs from a .env file and set them as environment variables"
groups = ["default"]
files = [
    {file = "python_dotenv-1.2.1-py3-none-any.whl", hash = "sha256:b81ee9561e9ca4004139c6cbba3a238c32b03e4894671e181b671e8cb8425d61"},
    {file = "python_dotenv-1.2.1.tar.gz", hash = "sha256:42667e897e16ab0d66954af0e60a9caa94f0fd4ecf3aaf6d2d260eec1aa36ad6"},
]

[[package]]
name = "sniffio"
version = "1.3.1"
requires_python = ">=3.7"
summary = "Sniff out which async library your code is running under"
groups = ["default"]
files = [
    {file = "sniffio-1.3.1-py3-none-any.whl", hash = "sha256:2f6da418d1f1e0fddd844478f41680e794e6051915791a034ff65e5f100525a2"},
    {file = "sniffio-1.3.1.tar.gz", hash = "sha256:f4324edc670a0f49750a81b895f35c3adb843cca46f0530f79fc1babb23789dc"},
]

[[package]]
name = "tqdm"
version = "4.66.5"
requires_python = ">=3.7"
summary = "Fast, Extensible Progress Meter"
groups = ["default"]
dependencies = [
    "colorama; platform_system == \"Windows\"",
]
files = [
    {file = "tqdm-4.66.5-py3-none-any.whl", hash = "sha256:90279a3770753eafc9194a0364852159802111925aa30eb3f9d85b0e805ac7cd"},
    {file = "tqdm-4.66.5.tar.gz", hash = "sha256:e1020aef2e5096702d8a025ac7d16b1577279c9d63f8375b63083e9a5f0fcbad"},
]

[[package]]
name = "typing-extensions"
version = "4.12.2"
requires_python = ">=3.8"
summary = "Backported and Experimental Type Hints for Python 3.8+"
groups = ["default"]
files = [
    {file = "typing_extensions-4.12.2-py3-none-any.whl", hash = "sha256:04e5ca0351e0f3f85c6853954072df659d0d13fac324d0072316b67d7794700d"},
    {file = "typing_extensions-4.12.2.tar.gz", hash = "sha256:1a7ead55c7e559dd4dee8856e3a88b41225abfe1ce8df57b7c13915fe121ffb8"},
]
